{
  "nodes": {
    "fenix": {
      "inputs": {
        "nixpkgs": [
          "nixpkgs"
        ],
        "rust-analyzer-src": "rust-analyzer-src"
      },
      "locked": {
        "lastModified": 1788261902,
        "narHash": "sha256-N7UHRZbJzgWaad+SOgl9QlWKiBulHan2/ezZhLfnjlo=",
        "owner": "nix-community",
        "repo": "fenix",
        "rev": "af85de9d317b402448a8ebb06bc16c7fd82f0375",
        "type": "github"
      },
      "original": {
        "owner": "nix-community",
        "repo": "fenix",
        "type": "github"
      }
    },
    "nixpkgs": {
      "locked": {
        "lastModified": 315532800,
        "narHash": "sha256-bWVU1JP9hCYZzQjMLdMzr/FINF+UvpZGvCJcnNY616k=",
        "type": "tarball",
        "url": "https://releases.nixos.org/nixpkgs/nixpkgs-26.11pre1008784.4df1b885d76a/nixexprs.tar.xz"
      },
      "original": {
        "type": "tarball",
        "url": "https://channels.nixos.org/nixpkgs-unstable/nixexprs.tar.xz"
      }
    },
    "root": {
      "inputs": {
        "fenix": "fenix",
        "nixpkgs": "nixpkgs"
      }
    },
    "rust-analyzer-src": {
      "flake": false,
      "locked": {
        "lastModified": 1788194240,
        "narHash": "sha256-dehprdAEnE6veOVeKq1wbOKmwPPoNbVHwwBj3l8rOFY=",
        "owner": "rust-lang",
        "repo": "rust-analyzer",
        "rev": "ce43a12d9fe4a24e5d6a86d29a57234efcc902b7",
        "type": "github"
      },
      "original": {
        "owner": "rust-lang",
        "ref": "nightly",
        "repo": "rust-analyzer",
        "type": "github"
      }
    }
  },
  "root": "root",
  "version": 7
}
